
Microsoft Visual Studio Solution File, Format Version 12.00
# Visual Studio 15
VisualStudioVersion = 15.0.28307.779
MinimumVisualStudioVersion = 10.0.40219.1
Project("{FAE04EC0-301F-11D3-BF4B-00C04F79EFBC}") = "U8Starter", "U8Starter\U8Starter.csproj", "{76C0F66A-3EB8-4007-A6AE-BF9A722DF027}"
EndProject
Global
	GlobalSection(SolutionConfigurationPlatforms) = preSolution
		Debug|Any CPU = Debug|Any CPU
		Release|Any CPU = Release|Any CPU
	EndGlobalSection
	GlobalSection(ProjectConfigurationPlatforms) = postSolution
		{76C0F66A-3EB8-4007-A6AE-BF9A722DF027}.Debug|Any CPU.ActiveCfg = Debug|Any CPU
		{76C0F66A-3EB8-4007-A6AE-BF9A722DF027}.Debug|Any CPU.Build.0 = Debug|Any CPU
		{76C0F66A-3EB8-4007-A6AE-BF9A722DF027}.Release|Any CPU.ActiveCfg = Release|Any CPU
		{76C0F66A-3EB8-4007-A6AE-BF9A722DF027}.Release|Any CPU.Build.0 = Release|Any CPU
	EndGlobalSection
	GlobalSection(SolutionProperties) = preSolution
		HideSolutionNode = FALSE
	EndGlobalSection
	GlobalSection(ExtensibilityGlobals) = postSolution
		SolutionGuid = {5B5100DF-1525-4035-9383-6910BF4DE6E2}
	EndGlobalSection
EndGlobal
